
Microsoft Visual Studio Solution File, Format Version 12.00
# Visual Studio Version 17
VisualStudioVersion = 17.7.34031.279
MinimumVisualStudioVersion = 10.0.40219.1
Project("{9A19103F-16F7-4668-BE54-9A1E7A4F7556}") = "Sep25", "Sep25\Sep25.csproj", "{39039ADB-2652-480B-9DCA-1046A8A476E1}"
EndProject
Project("{9A19103F-16F7-4668-BE54-9A1E7A4F7556}") = "Sep26", "Sep26\Sep26.csproj", "{B91C10A4-6CA3-4075-A91C-4528735294C6}"
EndProject
Project("{9A19103F-16F7-4668-BE54-9A1E7A4F7556}") = "Sep27", "Sep27\Sep27.csproj", "{315B9FC2-33D5-4CA0-9DDB-BAEE019B7677}"
EndProject
Project("{9A19103F-16F7-4668-BE54-9A1E7A4F7556}") = "Sep28_Working_with_texts_Strings", "Sep28_Working_with_texts_Strings\Sep28_Working_with_texts_Strings.csproj", "{124A14C6-5262-4195-BCC9-2C2A6D850609}"
EndProject
Project("{9A19103F-16F7-4668-BE54-9A1E7A4F7556}") = "Sep_29_more_on_array_list_files", "Sep_29_more_on_array_list_files\Sep_29_more_on_array_list_files.csproj", "{EB4CCD10-D0A3-4100-904D-6806CAD2A168}"
EndProject
Project("{9A19103F-16F7-4668-BE54-9A1E7A4F7556}") = "Oct_3_classes_oops_datatypes", "Oct_3_classes_oops_datatypes\Oct_3_classes_oops_datatypes.csproj", "{75034694-432F-4694-9484-0BF6068D2894}"
EndProject
Project("{9A19103F-16F7-4668-BE54-9A1E7A4F7556}") = "Oct4_Experiments_with_arrays_lists_strings_and others", "Oct4_Experiments_with_arrays_lists_strings_and others\Oct4_Experiments_with_arrays_lists_strings_and others.csproj", "{A6931003-63FA-47E2-B5D2-C4906F886B66}"
EndProject
Project("{FAE04EC0-301F-11D3-BF4B-00C04F79EFBC}") = "Oct5_More_on_classes", "Oct5_More_on_classes\Oct5_More_on_classes.csproj", "{CB9C27D4-639D-4C67-8DD5-FB96C0C038D1}"
EndProject
Global
	GlobalSection(SolutionConfigurationPlatforms) = preSolution
		Debug|Any CPU = Debug|Any CPU
		Release|Any CPU = Release|Any CPU
	EndGlobalSection
	GlobalSection(ProjectConfigurationPlatforms) = postSolution
		{39039ADB-2652-480B-9DCA-1046A8A476E1}.Debug|Any CPU.ActiveCfg = Debug|Any CPU
		{39039ADB-2652-480B-9DCA-1046A8A476E1}.Debug|Any CPU.Build.0 = Debug|Any CPU
		{39039ADB-2652-480B-9DCA-1046A8A476E1}.Release|Any CPU.ActiveCfg = Release|Any CPU
		{39039ADB-2652-480B-9DCA-1046A8A476E1}.Release|Any CPU.Build.0 = Release|Any CPU
		{B91C10A4-6CA3-4075-A91C-4528735294C6}.Debug|Any CPU.ActiveCfg = Debug|Any CPU
		{B91C10A4-6CA3-4075-A91C-4528735294C6}.Debug|Any CPU.Build.0 = Debug|Any CPU
		{B91C10A4-6CA3-4075-A91C-4528735294C6}.Release|Any CPU.ActiveCfg = Release|Any CPU
		{B91C10A4-6CA3-4075-A91C-4528735294C6}.Release|Any CPU.Build.0 = Release|Any CPU
		{315B9FC2-33D5-4CA0-9DDB-BAEE019B7677}.Debug|Any CPU.ActiveCfg = Debug|Any CPU
		{315B9FC2-33D5-4CA0-9DDB-BAEE019B7677}.Debug|Any CPU.Build.0 = Debug|Any CPU
		{315B9FC2-33D5-4CA0-9DDB-BAEE019B7677}.Release|Any CPU.ActiveCfg = Release|Any CPU
		{315B9FC2-33D5-4CA0-9DDB-BAEE019B7677}.Release|Any CPU.Build.0 = Release|Any CPU
		{124A14C6-5262-4195-BCC9-2C2A6D850609}.Debug|Any CPU.ActiveCfg = Debug|Any CPU
		{124A14C6-5262-4195-BCC9-2C2A6D850609}.Debug|Any CPU.Build.0 = Debug|Any CPU
		{124A14C6-5262-4195-BCC9-2C2A6D850609}.Release|Any CPU.ActiveCfg = Release|Any CPU
		{124A14C6-5262-4195-BCC9-2C2A6D850609}.Release|Any CPU.Build.0 = Release|Any CPU
		{EB4CCD10-D0A3-4100-904D-6806CAD2A168}.Debug|Any CPU.ActiveCfg = Debug|Any CPU
		{EB4CCD10-D0A3-4100-904D-6806CAD2A168}.Debug|Any CPU.Build.0 = Debug|Any CPU
		{EB4CCD10-D0A3-4100-904D-6806CAD2A168}.Release|Any CPU.ActiveCfg = Release|Any CPU
		{EB4CCD10-D0A3-4100-904D-6806CAD2A168}.Release|Any CPU.Build.0 = Release|Any CPU
		{75034694-432F-4694-9484-0BF6068D2894}.Debug|Any CPU.ActiveCfg = Debug|Any CPU
		{75034694-432F-4694-9484-0BF6068D2894}.Debug|Any CPU.Build.0 = Debug|Any CPU
		{75034694-432F-4694-9484-0BF6068D2894}.Release|Any CPU.ActiveCfg = Release|Any CPU
		{75034694-432F-4694-9484-0BF6068D2894}.Release|Any CPU.Build.0 = Release|Any CPU
		{A6931003-63FA-47E2-B5D2-C4906F886B66}.Debug|Any CPU.ActiveCfg = Debug|Any CPU
		{A6931003-63FA-47E2-B5D2-C4906F886B66}.Debug|Any CPU.Build.0 = Debug|Any CPU
		{A6931003-63FA-47E2-B5D2-C4906F886B66}.Release|Any CPU.ActiveCfg = Release|Any CPU
		{A6931003-63FA-47E2-B5D2-C4906F886B66}.Release|Any CPU.Build.0 = Release|Any CPU
		{CB9C27D4-639D-4C67-8DD5-FB96C0C038D1}.Debug|Any CPU.ActiveCfg = Debug|Any CPU
		{CB9C27D4-639D-4C67-8DD5-FB96C0C038D1}.Debug|Any CPU.Build.0 = Debug|Any CPU
		{CB9C27D4-639D-4C67-8DD5-FB96C0C038D1}.Release|Any CPU.ActiveCfg = Release|Any CPU
		{CB9C27D4-639D-4C67-8DD5-FB96C0C038D1}.Release|Any CPU.Build.0 = Release|Any CPU
	EndGlobalSection
	GlobalSection(SolutionProperties) = preSolution
		HideSolutionNode = FALSE
	EndGlobalSection
	GlobalSection(ExtensibilityGlobals) = postSolution
		SolutionGuid = {5A91A501-7540-4020-AFC4-ADDAC66295B1}
	EndGlobalSection
EndGlobal
